
Microsoft Visual Studio Solution File, Format Version 12.00
# Visual Studio Version 17
VisualStudioVersion = 17.0.31606.5
MinimumVisualStudioVersion = 10.0.40219.1
Project("{9A19103F-16F7-4668-BE54-9A1E7A4F7556}") = "HVO.WebSite.SkyMonitorv3", "HVO.WebSite.SkyMonitorv3\HVO.WebSite.SkyMonitorv3.csproj", "{6CEEEE7B-58F6-4FA6-8330-EAA8655B0181}"
EndProject
Project("{9A19103F-16F7-4668-BE54-9A1E7A4F7556}") = "HVO.WebSite.RoofControlV3", "HVO.WebSite.RoofControlV3\HVO.WebSite.RoofControlV3.csproj", "{35B7ECD6-22BD-4172-80D5-3B5B774D898E}"
EndProject
Project("{9A19103F-16F7-4668-BE54-9A1E7A4F7556}") = "HVO.Hardware.RoofControllerV3", "HVO.Hardware.RoofControllerV3\HVO.Hardware.RoofControllerV3.csproj", "{3E0B7243-C958-4EF8-AF76-BCC8B8DFA7CC}"
EndProject
Project("{9A19103F-16F7-4668-BE54-9A1E7A4F7556}") = "HVO.Hardware.Camera", "HVO.Hardware.Camera\HVO.Hardware.Camera.csproj", "{FCBA9FDD-1621-4DF9-A0AC-70C31870EBC2}"
EndProject
Project("{9A19103F-16F7-4668-BE54-9A1E7A4F7556}") = "HVO.WebSite.V8", "HVO.WebSite.V8\HVO.WebSite.V8.csproj", "{31C91D61-187C-42F8-AE8D-0719F2B38D7C}"
EndProject
Project("{9A19103F-16F7-4668-BE54-9A1E7A4F7556}") = "HVO.Hardware.PowerSystems", "HVO.Hardware.PowerSystems\HVO.Hardware.PowerSystems.csproj", "{C80D273B-F0DD-40C3-A254-2AE7E66252FE}"
EndProject
Project("{9A19103F-16F7-4668-BE54-9A1E7A4F7556}") = "HVO.Test.InverterQuery", "HVO.Test.InverterQuery\HVO.Test.InverterQuery.csproj", "{7AF234CD-A4D3-4C1E-B29B-92F4DFD955D4}"
EndProject
Project("{2150E333-8FDC-42A3-9474-1A3956D46DE8}") = "_TEST", "_TEST", "{9CA3B6B8-4753-47F3-B6A0-4F840B044289}"
EndProject
Project("{9A19103F-16F7-4668-BE54-9A1E7A4F7556}") = "HVO.PowerMonitor.V1", "HVO.PowerMonitor.V1\HVO.PowerMonitor.V1.csproj", "{4BB0FD98-1E66-4E98-8055-88E1EC593AD5}"
EndProject
Project("{9A19103F-16F7-4668-BE54-9A1E7A4F7556}") = "HVO.Test.BMS", "HVO.Test.BMS\HVO.Test.BMS.csproj", "{071FC7B6-A126-4A7D-ABA1-331F9616398C}"
EndProject
Project("{9A19103F-16F7-4668-BE54-9A1E7A4F7556}") = "HVO.Test.BLE", "HVO.Test.BLE\HVO.Test.BLE.csproj", "{B1878152-393C-4CF3-8B2E-4043A91CFDE6}"
EndProject
Project("{9A19103F-16F7-4668-BE54-9A1E7A4F7556}") = "HVO.ObservatoryAgent.DavisVantageProAgent", "HVO.ObservatoryAgent.DavisVantageProAgent\HVO.ObservatoryAgent.DavisVantageProAgent.csproj", "{A79B8442-6AD6-4D7E-90E7-3A5A6D4CB65A}"
EndProject
Project("{9A19103F-16F7-4668-BE54-9A1E7A4F7556}") = "HVO", "HVO\HVO.csproj", "{23CD720F-E3A3-4CF6-9A15-43C803608A2F}"
EndProject
Project("{2150E333-8FDC-42A3-9474-1A3956D46DE8}") = "Azure", "Azure", "{FDEA5D93-64B3-4C97-A45B-B260A8F2E861}"
EndProject
Project("{9A19103F-16F7-4668-BE54-9A1E7A4F7556}") = "HVO.AzureFunctionsV4.WeatherMonitor", "HVO.AzureFunctionsV4.WeatherMonitor\HVO.AzureFunctionsV4.WeatherMonitor.csproj", "{2094AD69-2D71-4008-AAE4-7EF7D8D41750}"
EndProject
Project("{9A19103F-16F7-4668-BE54-9A1E7A4F7556}") = "HVO.DataModels", "HVO.DataModels\HVO.DataModels.csproj", "{DBBDC796-9BFC-489D-9D4D-0CB53FFB0140}"
EndProject
Project("{2150E333-8FDC-42A3-9474-1A3956D46DE8}") = "_ContainerApps", "_ContainerApps", "{3C946125-7331-4BD6-8AE6-25CACBA79E0E}"
EndProject
Project("{9A19103F-16F7-4668-BE54-9A1E7A4F7556}") = "HVO.WebSiteApi.V8", "HVO.WebSiteApi.V8\HVO.WebSiteApi.V8.csproj", "{C5D8FE60-862B-4278-8084-1C4820946625}"
EndProject
Project("{9A19103F-16F7-4668-BE54-9A1E7A4F7556}") = "HVO.DataContracts", "HVO.DataContracts\HVO.DataContracts.csproj", "{3DADB331-89C6-4DB5-8521-304722DF7CA3}"
EndProject
Project("{9A19103F-16F7-4668-BE54-9A1E7A4F7556}") = "ConsoleApp1", "ConsoleApp1\ConsoleApp1.csproj", "{7CA4EFD7-0270-4E35-A600-E8B7C8A30085}"
EndProject
Project("{9A19103F-16F7-4668-BE54-9A1E7A4F7556}") = "HVO.JKBmsMonitor", "HVO.JKBmsMonitor\HVO.JKBmsMonitor.csproj", "{4C4B0F43-A441-492E-8C85-B345E981FE16}"
EndProject
Project("{9A19103F-16F7-4668-BE54-9A1E7A4F7556}") = "HVO.WebSite.V8a", "HVO.WebSite.V8a\HVO.WebSite.V8a.csproj", "{AB10C491-E1E4-4B38-8A22-EB7E417E2056}"
EndProject
Project("{9A19103F-16F7-4668-BE54-9A1E7A4F7556}") = "HVO.VideoStreamTest", "HVO.VideoStreamTest\HVO.VideoStreamTest.csproj", "{F9B0D307-7837-4B81-B653-C81797113F37}"
EndProject
Project("{FAE04EC0-301F-11D3-BF4B-00C04F79EFBC}") = "HVO.WebSite.RoofControlV4", "HVO.WebSite.RoofControlV4\HVO.WebSite.RoofControlV4.csproj", "{F04F9CDE-CA39-4164-AF59-1742BBB04DFF}"
EndProject
Project("{FAE04EC0-301F-11D3-BF4B-00C04F79EFBC}") = "HVO.Hardware.RoofControllerV4", "HVO.Hardware.RoofControllerV4\HVO.Hardware.RoofControllerV4.csproj", "{AD208DE4-300C-4165-BDE7-F8B12BD1D789}"
EndProject
Global
	GlobalSection(SolutionConfigurationPlatforms) = preSolution
		Debug|Any CPU = Debug|Any CPU
		Release|Any CPU = Release|Any CPU
	EndGlobalSection
	GlobalSection(ProjectConfigurationPlatforms) = postSolution
		{6CEEEE7B-58F6-4FA6-8330-EAA8655B0181}.Debug|Any CPU.ActiveCfg = Debug|Any CPU
		{6CEEEE7B-58F6-4FA6-8330-EAA8655B0181}.Debug|Any CPU.Build.0 = Debug|Any CPU
		{6CEEEE7B-58F6-4FA6-8330-EAA8655B0181}.Release|Any CPU.ActiveCfg = Release|Any CPU
		{6CEEEE7B-58F6-4FA6-8330-EAA8655B0181}.Release|Any CPU.Build.0 = Release|Any CPU
		{35B7ECD6-22BD-4172-80D5-3B5B774D898E}.Debug|Any CPU.ActiveCfg = Debug|Any CPU
		{35B7ECD6-22BD-4172-80D5-3B5B774D898E}.Debug|Any CPU.Build.0 = Debug|Any CPU
		{35B7ECD6-22BD-4172-80D5-3B5B774D898E}.Release|Any CPU.ActiveCfg = Release|Any CPU
		{35B7ECD6-22BD-4172-80D5-3B5B774D898E}.Release|Any CPU.Build.0 = Release|Any CPU
		{3E0B7243-C958-4EF8-AF76-BCC8B8DFA7CC}.Debug|Any CPU.ActiveCfg = Debug|Any CPU
		{3E0B7243-C958-4EF8-AF76-BCC8B8DFA7CC}.Debug|Any CPU.Build.0 = Debug|Any CPU
		{3E0B7243-C958-4EF8-AF76-BCC8B8DFA7CC}.Release|Any CPU.ActiveCfg = Release|Any CPU
		{3E0B7243-C958-4EF8-AF76-BCC8B8DFA7CC}.Release|Any CPU.Build.0 = Release|Any CPU
		{FCBA9FDD-1621-4DF9-A0AC-70C31870EBC2}.Debug|Any CPU.ActiveCfg = Debug|Any CPU
		{FCBA9FDD-1621-4DF9-A0AC-70C31870EBC2}.Debug|Any CPU.Build.0 = Debug|Any CPU
		{FCBA9FDD-1621-4DF9-A0AC-70C31870EBC2}.Release|Any CPU.ActiveCfg = Release|Any CPU
		{FCBA9FDD-1621-4DF9-A0AC-70C31870EBC2}.Release|Any CPU.Build.0 = Release|Any CPU
		{31C91D61-187C-42F8-AE8D-0719F2B38D7C}.Debug|Any CPU.ActiveCfg = Debug|Any CPU
		{31C91D61-187C-42F8-AE8D-0719F2B38D7C}.Debug|Any CPU.Build.0 = Debug|Any CPU
		{31C91D61-187C-42F8-AE8D-0719F2B38D7C}.Release|Any CPU.ActiveCfg = Release|Any CPU
		{31C91D61-187C-42F8-AE8D-0719F2B38D7C}.Release|Any CPU.Build.0 = Release|Any CPU
		{C80D273B-F0DD-40C3-A254-2AE7E66252FE}.Debug|Any CPU.ActiveCfg = Debug|Any CPU
		{C80D273B-F0DD-40C3-A254-2AE7E66252FE}.Debug|Any CPU.Build.0 = Debug|Any CPU
		{C80D273B-F0DD-40C3-A254-2AE7E66252FE}.Release|Any CPU.ActiveCfg = Release|Any CPU
		{C80D273B-F0DD-40C3-A254-2AE7E66252FE}.Release|Any CPU.Build.0 = Release|Any CPU
		{7AF234CD-A4D3-4C1E-B29B-92F4DFD955D4}.Debug|Any CPU.ActiveCfg = Debug|Any CPU
		{7AF234CD-A4D3-4C1E-B29B-92F4DFD955D4}.Debug|Any CPU.Build.0 = Debug|Any CPU
		{7AF234CD-A4D3-4C1E-B29B-92F4DFD955D4}.Release|Any CPU.ActiveCfg = Release|Any CPU
		{7AF234CD-A4D3-4C1E-B29B-92F4DFD955D4}.Release|Any CPU.Build.0 = Release|Any CPU
		{4BB0FD98-1E66-4E98-8055-88E1EC593AD5}.Debug|Any CPU.ActiveCfg = Debug|Any CPU
		{4BB0FD98-1E66-4E98-8055-88E1EC593AD5}.Debug|Any CPU.Build.0 = Debug|Any CPU
		{4BB0FD98-1E66-4E98-8055-88E1EC593AD5}.Release|Any CPU.ActiveCfg = Release|Any CPU
		{4BB0FD98-1E66-4E98-8055-88E1EC593AD5}.Release|Any CPU.Build.0 = Release|Any CPU
		{071FC7B6-A126-4A7D-ABA1-331F9616398C}.Debug|Any CPU.ActiveCfg = Debug|Any CPU
		{071FC7B6-A126-4A7D-ABA1-331F9616398C}.Debug|Any CPU.Build.0 = Debug|Any CPU
		{071FC7B6-A126-4A7D-ABA1-331F9616398C}.Release|Any CPU.ActiveCfg = Release|Any CPU
		{071FC7B6-A126-4A7D-ABA1-331F9616398C}.Release|Any CPU.Build.0 = Release|Any CPU
		{B1878152-393C-4CF3-8B2E-4043A91CFDE6}.Debug|Any CPU.ActiveCfg = Debug|Any CPU
		{B1878152-393C-4CF3-8B2E-4043A91CFDE6}.Debug|Any CPU.Build.0 = Debug|Any CPU
		{B1878152-393C-4CF3-8B2E-4043A91CFDE6}.Release|Any CPU.ActiveCfg = Release|Any CPU
		{B1878152-393C-4CF3-8B2E-4043A91CFDE6}.Release|Any CPU.Build.0 = Release|Any CPU
		{A79B8442-6AD6-4D7E-90E7-3A5A6D4CB65A}.Debug|Any CPU.ActiveCfg = Debug|Any CPU
		{A79B8442-6AD6-4D7E-90E7-3A5A6D4CB65A}.Debug|Any CPU.Build.0 = Debug|Any CPU
		{A79B8442-6AD6-4D7E-90E7-3A5A6D4CB65A}.Release|Any CPU.ActiveCfg = Release|Any CPU
		{A79B8442-6AD6-4D7E-90E7-3A5A6D4CB65A}.Release|Any CPU.Build.0 = Release|Any CPU
		{23CD720F-E3A3-4CF6-9A15-43C803608A2F}.Debug|Any CPU.ActiveCfg = Debug|Any CPU
		{23CD720F-E3A3-4CF6-9A15-43C803608A2F}.Debug|Any CPU.Build.0 = Debug|Any CPU
		{23CD720F-E3A3-4CF6-9A15-43C803608A2F}.Release|Any CPU.ActiveCfg = Release|Any CPU
		{23CD720F-E3A3-4CF6-9A15-43C803608A2F}.Release|Any CPU.Build.0 = Release|Any CPU
		{2094AD69-2D71-4008-AAE4-7EF7D8D41750}.Debug|Any CPU.ActiveCfg = Debug|Any CPU
		{2094AD69-2D71-4008-AAE4-7EF7D8D41750}.Debug|Any CPU.Build.0 = Debug|Any CPU
		{2094AD69-2D71-4008-AAE4-7EF7D8D41750}.Release|Any CPU.ActiveCfg = Release|Any CPU
		{2094AD69-2D71-4008-AAE4-7EF7D8D41750}.Release|Any CPU.Build.0 = Release|Any CPU
		{DBBDC796-9BFC-489D-9D4D-0CB53FFB0140}.Debug|Any CPU.ActiveCfg = Debug|Any CPU
		{DBBDC796-9BFC-489D-9D4D-0CB53FFB0140}.Debug|Any CPU.Build.0 = Debug|Any CPU
		{DBBDC796-9BFC-489D-9D4D-0CB53FFB0140}.Release|Any CPU.ActiveCfg = Release|Any CPU
		{DBBDC796-9BFC-489D-9D4D-0CB53FFB0140}.Release|Any CPU.Build.0 = Release|Any CPU
		{C5D8FE60-862B-4278-8084-1C4820946625}.Debug|Any CPU.ActiveCfg = Debug|Any CPU
		{C5D8FE60-862B-4278-8084-1C4820946625}.Debug|Any CPU.Build.0 = Debug|Any CPU
		{C5D8FE60-862B-4278-8084-1C4820946625}.Release|Any CPU.ActiveCfg = Release|Any CPU
		{C5D8FE60-862B-4278-8084-1C4820946625}.Release|Any CPU.Build.0 = Release|Any CPU
		{3DADB331-89C6-4DB5-8521-304722DF7CA3}.Debug|Any CPU.ActiveCfg = Debug|Any CPU
		{3DADB331-89C6-4DB5-8521-304722DF7CA3}.Debug|Any CPU.Build.0 = Debug|Any CPU
		{3DADB331-89C6-4DB5-8521-304722DF7CA3}.Release|Any CPU.ActiveCfg = Release|Any CPU
		{3DADB331-89C6-4DB5-8521-304722DF7CA3}.Release|Any CPU.Build.0 = Release|Any CPU
		{7CA4EFD7-0270-4E35-A600-E8B7C8A30085}.Debug|Any CPU.ActiveCfg = Debug|Any CPU
		{7CA4EFD7-0270-4E35-A600-E8B7C8A30085}.Debug|Any CPU.Build.0 = Debug|Any CPU
		{7CA4EFD7-0270-4E35-A600-E8B7C8A30085}.Release|Any CPU.ActiveCfg = Release|Any CPU
		{7CA4EFD7-0270-4E35-A600-E8B7C8A30085}.Release|Any CPU.Build.0 = Release|Any CPU
		{4C4B0F43-A441-492E-8C85-B345E981FE16}.Debug|Any CPU.ActiveCfg = Debug|Any CPU
		{4C4B0F43-A441-492E-8C85-B345E981FE16}.Debug|Any CPU.Build.0 = Debug|Any CPU
		{4C4B0F43-A441-492E-8C85-B345E981FE16}.Release|Any CPU.ActiveCfg = Release|Any CPU
		{4C4B0F43-A441-492E-8C85-B345E981FE16}.Release|Any CPU.Build.0 = Release|Any CPU
		{AB10C491-E1E4-4B38-8A22-EB7E417E2056}.Debug|Any CPU.ActiveCfg = Debug|Any CPU
		{AB10C491-E1E4-4B38-8A22-EB7E417E2056}.Debug|Any CPU.Build.0 = Debug|Any CPU
		{AB10C491-E1E4-4B38-8A22-EB7E417E2056}.Release|Any CPU.ActiveCfg = Release|Any CPU
		{AB10C491-E1E4-4B38-8A22-EB7E417E2056}.Release|Any CPU.Build.0 = Release|Any CPU
		{F9B0D307-7837-4B81-B653-C81797113F37}.Debug|Any CPU.ActiveCfg = Debug|Any CPU
		{F9B0D307-7837-4B81-B653-C81797113F37}.Debug|Any CPU.Build.0 = Debug|Any CPU
		{F9B0D307-7837-4B81-B653-C81797113F37}.Release|Any CPU.ActiveCfg = Release|Any CPU
		{F9B0D307-7837-4B81-B653-C81797113F37}.Release|Any CPU.Build.0 = Release|Any CPU
		{F04F9CDE-CA39-4164-AF59-1742BBB04DFF}.Debug|Any CPU.ActiveCfg = Debug|Any CPU
		{F04F9CDE-CA39-4164-AF59-1742BBB04DFF}.Debug|Any CPU.Build.0 = Debug|Any CPU
		{F04F9CDE-CA39-4164-AF59-1742BBB04DFF}.Release|Any CPU.ActiveCfg = Release|Any CPU
		{F04F9CDE-CA39-4164-AF59-1742BBB04DFF}.Release|Any CPU.Build.0 = Release|Any CPU
		{AD208DE4-300C-4165-BDE7-F8B12BD1D789}.Debug|Any CPU.ActiveCfg = Debug|Any CPU
		{AD208DE4-300C-4165-BDE7-F8B12BD1D789}.Debug|Any CPU.Build.0 = Debug|Any CPU
		{AD208DE4-300C-4165-BDE7-F8B12BD1D789}.Release|Any CPU.ActiveCfg = Release|Any CPU
		{AD208DE4-300C-4165-BDE7-F8B12BD1D789}.Release|Any CPU.Build.0 = Release|Any CPU
	EndGlobalSection
	GlobalSection(SolutionProperties) = preSolution
		HideSolutionNode = FALSE
	EndGlobalSection
	GlobalSection(NestedProjects) = preSolution
		{35B7ECD6-22BD-4172-80D5-3B5B774D898E} = {3C946125-7331-4BD6-8AE6-25CACBA79E0E}
		{7AF234CD-A4D3-4C1E-B29B-92F4DFD955D4} = {9CA3B6B8-4753-47F3-B6A0-4F840B044289}
		{071FC7B6-A126-4A7D-ABA1-331F9616398C} = {9CA3B6B8-4753-47F3-B6A0-4F840B044289}
		{B1878152-393C-4CF3-8B2E-4043A91CFDE6} = {9CA3B6B8-4753-47F3-B6A0-4F840B044289}
		{A79B8442-6AD6-4D7E-90E7-3A5A6D4CB65A} = {3C946125-7331-4BD6-8AE6-25CACBA79E0E}
		{2094AD69-2D71-4008-AAE4-7EF7D8D41750} = {FDEA5D93-64B3-4C97-A45B-B260A8F2E861}
		{7CA4EFD7-0270-4E35-A600-E8B7C8A30085} = {9CA3B6B8-4753-47F3-B6A0-4F840B044289}
		{F9B0D307-7837-4B81-B653-C81797113F37} = {9CA3B6B8-4753-47F3-B6A0-4F840B044289}
		{F04F9CDE-CA39-4164-AF59-1742BBB04DFF} = {3C946125-7331-4BD6-8AE6-25CACBA79E0E}
	EndGlobalSection
	GlobalSection(ExtensibilityGlobals) = postSolution
		SolutionGuid = {FFF358D1-3DAE-4571-B9FB-7818C2D1F4E3}
	EndGlobalSection
EndGlobal
