
Microsoft Visual Studio Solution File, Format Version 12.00
# Visual Studio Version 17
VisualStudioVersion = 17.9.34728.123
MinimumVisualStudioVersion = 10.0.40219.1
Project("{9A19103F-16F7-4668-BE54-9A1E7A4F7556}") = "Test.EventPublisher", "Test.EventPublisher\Test.EventPublisher.csproj", "{4E1FB7FB-B0A1-4714-B8B9-FDB785443627}"
EndProject
Project("{FAE04EC0-301F-11D3-BF4B-00C04F79EFBC}") = "Test.Shared", "Test.Shared\Test.Shared.csproj", "{9473F8BA-D0D8-41FC-881C-3AE242FB3366}"
EndProject
Project("{FAE04EC0-301F-11D3-BF4B-00C04F79EFBC}") = "Test.EventSubscriber", "Test.EventSubscriber\Test.EventSubscriber.csproj", "{D1BFA272-0FD8-4729-B4F7-4494D52AD793}"
EndProject
Global
	GlobalSection(SolutionConfigurationPlatforms) = preSolution
		Debug|Any CPU = Debug|Any CPU
		Release|Any CPU = Release|Any CPU
	EndGlobalSection
	GlobalSection(ProjectConfigurationPlatforms) = postSolution
		{4E1FB7FB-B0A1-4714-B8B9-FDB785443627}.Debug|Any CPU.ActiveCfg = Debug|Any CPU
		{4E1FB7FB-B0A1-4714-B8B9-FDB785443627}.Debug|Any CPU.Build.0 = Debug|Any CPU
		{4E1FB7FB-B0A1-4714-B8B9-FDB785443627}.Release|Any CPU.ActiveCfg = Release|Any CPU
		{4E1FB7FB-B0A1-4714-B8B9-FDB785443627}.Release|Any CPU.Build.0 = Release|Any CPU
		{9473F8BA-D0D8-41FC-881C-3AE242FB3366}.Debug|Any CPU.ActiveCfg = Debug|Any CPU
		{9473F8BA-D0D8-41FC-881C-3AE242FB3366}.Debug|Any CPU.Build.0 = Debug|Any CPU
		{9473F8BA-D0D8-41FC-881C-3AE242FB3366}.Release|Any CPU.ActiveCfg = Release|Any CPU
		{9473F8BA-D0D8-41FC-881C-3AE242FB3366}.Release|Any CPU.Build.0 = Release|Any CPU
		{D1BFA272-0FD8-4729-B4F7-4494D52AD793}.Debug|Any CPU.ActiveCfg = Debug|Any CPU
		{D1BFA272-0FD8-4729-B4F7-4494D52AD793}.Debug|Any CPU.Build.0 = Debug|Any CPU
		{D1BFA272-0FD8-4729-B4F7-4494D52AD793}.Release|Any CPU.ActiveCfg = Release|Any CPU
		{D1BFA272-0FD8-4729-B4F7-4494D52AD793}.Release|Any CPU.Build.0 = Release|Any CPU
	EndGlobalSection
	GlobalSection(SolutionProperties) = preSolution
		HideSolutionNode = FALSE
	EndGlobalSection
	GlobalSection(ExtensibilityGlobals) = postSolution
		SolutionGuid = {75A82EA1-4D2D-4066-9A2D-EB03E3746D3B}
	EndGlobalSection
EndGlobal
